
Microsoft Visual Studio Solution File, Format Version 12.00
# Visual Studio 2012
Project("{FAE04EC0-301F-11D3-BF4B-00C04F79EFBC}") = "HandWrittenUDF", "HandWrittenUDF.csproj", "{E3C7775C-9595-4B35-94EC-EFB9E511A9FE}"
EndProject
Global
	GlobalSection(SolutionConfigurationPlatforms) = preSolution
		Debug|Any CPU = Debug|Any CPU
		Release|Any CPU = Release|Any CPU
	EndGlobalSection
	GlobalSection(ProjectConfigurationPlatforms) = postSolution
		{E3C7775C-9595-4B35-94EC-EFB9E511A9FE}.Debug|Any CPU.ActiveCfg = Debug|Any CPU
		{E3C7775C-9595-4B35-94EC-EFB9E511A9FE}.Debug|Any CPU.Build.0 = Debug|Any CPU
		{E3C7775C-9595-4B35-94EC-EFB9E511A9FE}.Release|Any CPU.ActiveCfg = Release|Any CPU
		{E3C7775C-9595-4B35-94EC-EFB9E511A9FE}.Release|Any CPU.Build.0 = Release|Any CPU
	EndGlobalSection
EndGlobal
