
Microsoft Visual Studio Solution File, Format Version 11.00
# Visual Studio 2010
Project("{FAE04EC0-301F-11D3-BF4B-00C04F79EFBC}") = "ConsoleApplication19", "ConsoleApplication19\ConsoleApplication19.csproj", "{8D1276E4-27C7-476B-A503-1CAB3F96A5D3}"
EndProject
Global
	GlobalSection(SolutionConfigurationPlatforms) = preSolution
		Debug|x86 = Debug|x86
		Release|x86 = Release|x86
	EndGlobalSection
	GlobalSection(ProjectConfigurationPlatforms) = postSolution
		{8D1276E4-27C7-476B-A503-1CAB3F96A5D3}.Debug|x86.ActiveCfg = Debug|x86
		{8D1276E4-27C7-476B-A503-1CAB3F96A5D3}.Debug|x86.Build.0 = Debug|x86
		{8D1276E4-27C7-476B-A503-1CAB3F96A5D3}.Release|x86.ActiveCfg = Release|x86
		{8D1276E4-27C7-476B-A503-1CAB3F96A5D3}.Release|x86.Build.0 = Release|x86
	EndGlobalSection
	GlobalSection(SolutionProperties) = preSolution
		HideSolutionNode = FALSE
	EndGlobalSection
EndGlobal
