
Microsoft Visual Studio Solution File, Format Version 11.00
# Visual Studio 2010
Project("{FAE04EC0-301F-11D3-BF4B-00C04F79EFBC}") = "ConsoleApplication20", "ConsoleApplication20\ConsoleApplication20.csproj", "{0687168E-4546-4E49-AC9E-C89EFDC374EF}"
EndProject
Global
	GlobalSection(SolutionConfigurationPlatforms) = preSolution
		Debug|x86 = Debug|x86
		Release|x86 = Release|x86
	EndGlobalSection
	GlobalSection(ProjectConfigurationPlatforms) = postSolution
		{0687168E-4546-4E49-AC9E-C89EFDC374EF}.Debug|x86.ActiveCfg = Debug|x86
		{0687168E-4546-4E49-AC9E-C89EFDC374EF}.Debug|x86.Build.0 = Debug|x86
		{0687168E-4546-4E49-AC9E-C89EFDC374EF}.Release|x86.ActiveCfg = Release|x86
		{0687168E-4546-4E49-AC9E-C89EFDC374EF}.Release|x86.Build.0 = Release|x86
	EndGlobalSection
	GlobalSection(SolutionProperties) = preSolution
		HideSolutionNode = FALSE
	EndGlobalSection
EndGlobal
