
Microsoft Visual Studio Solution File, Format Version 12.00
# Visual Studio 2012
Project("{FAE04EC0-301F-11D3-BF4B-00C04F79EFBC}") = "BC3XML", "BC3XML.csproj", "{569A7EB8-9293-46A6-94C4-73DF667A2726}"
EndProject
Global
	GlobalSection(SolutionConfigurationPlatforms) = preSolution
		Debug|Any CPU = Debug|Any CPU
		Release|Any CPU = Release|Any CPU
	EndGlobalSection
	GlobalSection(ProjectConfigurationPlatforms) = postSolution
		{569A7EB8-9293-46A6-94C4-73DF667A2726}.Debug|Any CPU.ActiveCfg = Debug|Any CPU
		{569A7EB8-9293-46A6-94C4-73DF667A2726}.Debug|Any CPU.Build.0 = Debug|Any CPU
		{569A7EB8-9293-46A6-94C4-73DF667A2726}.Release|Any CPU.ActiveCfg = Release|Any CPU
		{569A7EB8-9293-46A6-94C4-73DF667A2726}.Release|Any CPU.Build.0 = Release|Any CPU
	EndGlobalSection
EndGlobal
